
Microsoft Visual Studio Solution File, Format Version 12.00
# Visual Studio Version 17
VisualStudioVersion = 17.5.002.0
MinimumVisualStudioVersion = 10.0.40219.1
Project("{9A19103F-16F7-4668-BE54-9A1E7A4F7556}") = "Projeto5C#(Foreach)", "Projeto5C#(Foreach).csproj", "{C4FE0234-1C31-4A35-A966-ED0E96DA6727}"
EndProject
Global
	GlobalSection(SolutionConfigurationPlatforms) = preSolution
		Debug|Any CPU = Debug|Any CPU
		Release|Any CPU = Release|Any CPU
	EndGlobalSection
	GlobalSection(ProjectConfigurationPlatforms) = postSolution
		{C4FE0234-1C31-4A35-A966-ED0E96DA6727}.Debug|Any CPU.ActiveCfg = Debug|Any CPU
		{C4FE0234-1C31-4A35-A966-ED0E96DA6727}.Debug|Any CPU.Build.0 = Debug|Any CPU
		{C4FE0234-1C31-4A35-A966-ED0E96DA6727}.Release|Any CPU.ActiveCfg = Release|Any CPU
		{C4FE0234-1C31-4A35-A966-ED0E96DA6727}.Release|Any CPU.Build.0 = Release|Any CPU
	EndGlobalSection
	GlobalSection(SolutionProperties) = preSolution
		HideSolutionNode = FALSE
	EndGlobalSection
	GlobalSection(ExtensibilityGlobals) = postSolution
		SolutionGuid = {E4E7E004-19D6-430B-BEF0-8CE0D1F2F4C0}
	EndGlobalSection
EndGlobal
