
Microsoft Visual Studio Solution File, Format Version 12.00
# Visual Studio Version 17
VisualStudioVersion = 17.5.002.0
MinimumVisualStudioVersion = 10.0.40219.1
Project("{9A19103F-16F7-4668-BE54-9A1E7A4F7556}") = "Projeto3C#", "Projeto3C#.csproj", "{73D8D6EF-09C8-450C-A5AE-ECD7A60DABA7}"
EndProject
Global
	GlobalSection(SolutionConfigurationPlatforms) = preSolution
		Debug|Any CPU = Debug|Any CPU
		Release|Any CPU = Release|Any CPU
	EndGlobalSection
	GlobalSection(ProjectConfigurationPlatforms) = postSolution
		{73D8D6EF-09C8-450C-A5AE-ECD7A60DABA7}.Debug|Any CPU.ActiveCfg = Debug|Any CPU
		{73D8D6EF-09C8-450C-A5AE-ECD7A60DABA7}.Debug|Any CPU.Build.0 = Debug|Any CPU
		{73D8D6EF-09C8-450C-A5AE-ECD7A60DABA7}.Release|Any CPU.ActiveCfg = Release|Any CPU
		{73D8D6EF-09C8-450C-A5AE-ECD7A60DABA7}.Release|Any CPU.Build.0 = Release|Any CPU
	EndGlobalSection
	GlobalSection(SolutionProperties) = preSolution
		HideSolutionNode = FALSE
	EndGlobalSection
	GlobalSection(ExtensibilityGlobals) = postSolution
		SolutionGuid = {78E18A7C-870D-469D-B49A-A68A6108D018}
	EndGlobalSection
EndGlobal
